version = 1
revision = 2
requires-python = "==3.10.*"

[[package]]
name = "rouge"
version = "0.1.0"
source = { virtual = "." }
dependencies = [
    { name = "simpleaudio" },
]

[package.optional-dependencies]
windows = [
    { name = "windows-curses" },
]

[package.metadata]
requires-dist = [
    { name = "simpleaudio", specifier = ">=1.0.4" },
    { name = "windows-curses", marker = "extra == 'windows'", specifier = ">=2.4.2" },
]
provides-extras = ["windows"]

[[package]]
name = "simpleaudio"
version = "1.0.4"
source = { registry = "https://pypi.org/simple" }
sdist = { url = "https://files.pythonhosted.org/packages/94/1b/4dc29653733202b68c09d9c6ca085cf67ac54859ee860647ef21ac1ff3dc/simpleaudio-1.0.4.tar.gz", hash = "sha256:691c88649243544db717e7edf6a9831df112104e1aefb5f6038a5d071e8cf41d", size = 2042564, upload-time = "2019-11-29T03:56:28.965Z" }

[[package]]
name = "windows-curses"
version = "2.4.2"
source = { registry = "https://pypi.org/simple" }
wheels = [
    { url = "https://files.pythonhosted.org/packages/d1/6c/21393045010dd74887c71f1738f2bb1e60758c04d74cc97cefc03731a6d6/windows_curses-2.4.2-cp310-cp310-win32.whl", hash = "sha256:fb55b40df1dd8633f431307f204293ca2a0b4f928927490509f1bf68beef3cfe", size = 71143, upload-time = "2026-03-31T12:44:33.2Z" },
    { url = "https://files.pythonhosted.org/packages/1c/aa/4a67a104ab4d6ac4d5d5f8f80363feec688d7846180c5ca69327f602196a/windows_curses-2.4.2-cp310-cp310-win_amd64.whl", hash = "sha256:0ff2a0884cb78d48e15eea1e274f73c1f5a780a4b872357724c17b39de75c996", size = 81848, upload-time = "2026-03-31T12:44:34.869Z" },
]
