version = 1
revision = 2
requires-python = "==3.10.*"

[[package]]
name = "rouge"
version = "0.1.0"
source = { virtual = "." }

[package.optional-dependencies]
windows = [
    { name = "windows-curses" },
]

[package.metadata]
requires-dist = [{ name = "windows-curses", marker = "extra == 'windows'", specifier = ">=2.4.2" }]
provides-extras = ["windows"]

[[package]]
name = "windows-curses"
version = "2.4.2"
source = { registry = "https://pypi.org/simple" }
wheels = [
    { url = "https://files.pythonhosted.org/packages/d1/6c/21393045010dd74887c71f1738f2bb1e60758c04d74cc97cefc03731a6d6/windows_curses-2.4.2-cp310-cp310-win32.whl", hash = "sha256:fb55b40df1dd8633f431307f204293ca2a0b4f928927490509f1bf68beef3cfe", size = 71143, upload-time = "2026-03-31T12:44:33.2Z" },
    { url = "https://files.pythonhosted.org/packages/1c/aa/4a67a104ab4d6ac4d5d5f8f80363feec688d7846180c5ca69327f602196a/windows_curses-2.4.2-cp310-cp310-win_amd64.whl", hash = "sha256:0ff2a0884cb78d48e15eea1e274f73c1f5a780a4b872357724c17b39de75c996", size = 81848, upload-time = "2026-03-31T12:44:34.869Z" },
]
